
Microsoft Visual Studio Solution File, Format Version 12.00
# Visual Studio 15
VisualStudioVersion = 15.0.28307.1145
MinimumVisualStudioVersion = 10.0.40219.1
Project("{FAE04EC0-301F-11D3-BF4B-00C04F79EFBC}") = "ss3_snipper7", "ss3_snipper7\ss3_snipper7.csproj", "{497BB484-6F8D-4071-867E-332236FBA7F2}"
EndProject
Global
	GlobalSection(SolutionConfigurationPlatforms) = preSolution
		Debug|Any CPU = Debug|Any CPU
		Release|Any CPU = Release|Any CPU
	EndGlobalSection
	GlobalSection(ProjectConfigurationPlatforms) = postSolution
		{497BB484-6F8D-4071-867E-332236FBA7F2}.Debug|Any CPU.ActiveCfg = Debug|Any CPU
		{497BB484-6F8D-4071-867E-332236FBA7F2}.Debug|Any CPU.Build.0 = Debug|Any CPU
		{497BB484-6F8D-4071-867E-332236FBA7F2}.Release|Any CPU.ActiveCfg = Release|Any CPU
		{497BB484-6F8D-4071-867E-332236FBA7F2}.Release|Any CPU.Build.0 = Release|Any CPU
	EndGlobalSection
	GlobalSection(SolutionProperties) = preSolution
		HideSolutionNode = FALSE
	EndGlobalSection
	GlobalSection(ExtensibilityGlobals) = postSolution
		SolutionGuid = {392C51C9-0690-4ACC-BF07-7D67705CEC64}
	EndGlobalSection
EndGlobal
