
Microsoft Visual Studio Solution File, Format Version 12.00
# Visual Studio 15
VisualStudioVersion = 15.0.28307.1145
MinimumVisualStudioVersion = 10.0.40219.1
Project("{FAE04EC0-301F-11D3-BF4B-00C04F79EFBC}") = "ss3_snipper19", "ss3_snipper19\ss3_snipper19.csproj", "{263800C5-F3AC-43FB-B4FA-CC7199B540A0}"
EndProject
Global
	GlobalSection(SolutionConfigurationPlatforms) = preSolution
		Debug|Any CPU = Debug|Any CPU
		Release|Any CPU = Release|Any CPU
	EndGlobalSection
	GlobalSection(ProjectConfigurationPlatforms) = postSolution
		{263800C5-F3AC-43FB-B4FA-CC7199B540A0}.Debug|Any CPU.ActiveCfg = Debug|Any CPU
		{263800C5-F3AC-43FB-B4FA-CC7199B540A0}.Debug|Any CPU.Build.0 = Debug|Any CPU
		{263800C5-F3AC-43FB-B4FA-CC7199B540A0}.Release|Any CPU.ActiveCfg = Release|Any CPU
		{263800C5-F3AC-43FB-B4FA-CC7199B540A0}.Release|Any CPU.Build.0 = Release|Any CPU
	EndGlobalSection
	GlobalSection(SolutionProperties) = preSolution
		HideSolutionNode = FALSE
	EndGlobalSection
	GlobalSection(ExtensibilityGlobals) = postSolution
		SolutionGuid = {BC9C0723-3DEC-4696-A598-1509C8E5EC84}
	EndGlobalSection
EndGlobal
